<?xml version="1.0" encoding="UTF-8" standalone="yes" ?>
<CodeBlocks_project_file>
	<FileVersion major="1" minor="6" />
	<Project>
		<Option title="paprikaSimulateur" />
		<Option pch_mode="2" />
		<Option compiler="gnu_gcc_compiler__stm32_architecture" />
		<Build>
			<Target title="Debug">
				<Option output="bin/Debug/paprikaSimulateur" prefix_auto="1" extension_auto="1" />
				<Option object_output="obj/Debug/" />
				<Option type="1" />
				<Option compiler="gnu_gcc_compiler__stm32_architecture" />
				<Compiler>
					<Add option="-g" />
				</Compiler>
			</Target>
		</Build>
		<Compiler>
			<Add option="-Wall" />
			<Add directory="../stm32/include" />
			<Add directory="../stm32/include/asservissement" />
			<Add directory="../stm32/include/strategie" />
			<Add directory="../stm32/include/actionneurs" />
			<Add directory="../stm32/include/hardware" />
		</Compiler>
		<Unit filename="config.h" />
		<Unit filename="../stm32/include/action.h" />
		<Unit filename="../stm32/include/actionSuivreChemin.h" />
		<Unit filename="../stm32/include/actionneurs/bras.h" />
		<Unit filename="../stm32/include/actionneurs/moteur.h" />
		<Unit filename="../stm32/include/actionneurs/rateau.h" />
		<Unit filename="../stm32/include/actionneurs/roues.h" />
		<Unit filename="../stm32/include/actionneurs/sensor.h" />
		<Unit filename="../stm32/include/actionneurs/sensors.h" />
		<Unit filename="../stm32/include/actionneurs/servo.h" />
		<Unit filename="../stm32/include/angle.h" />
		<Unit filename="../stm32/include/asservissement/asservissement.h" />
		<Unit filename="../stm32/include/asservissement/command.h" />
		<Unit filename="../stm32/include/asservissement/commandGoTo.h" />
		<Unit filename="../stm32/include/asservissement/commandLookAt.h" />
		<Unit filename="../stm32/include/asservissement/commandTest.h" />
		<Unit filename="../stm32/include/asservissement/odometrie.h" />
		<Unit filename="../stm32/include/asservissement/pidFilterAngle.h" />
		<Unit filename="../stm32/include/asservissement/pidFilterDistance.h" />
		<Unit filename="../stm32/include/ax12api.h" />
		<Unit filename="../stm32/include/constantes.h" />
		<Unit filename="../stm32/include/distance.h" />
		<Unit filename="../stm32/include/element.h" />
		<Unit filename="../stm32/include/hardware/analogSensor.h" />
		<Unit filename="../stm32/include/hardware/capteurs.h" />
		<Unit filename="../stm32/include/hardware/ligthBarrierSensor.h" />
		<Unit filename="../stm32/include/hardware/limitSwitchSensor.h" />
		<Unit filename="../stm32/include/hardware/pwmHandler.h" />
		<Unit filename="../stm32/include/hardware/quadratureCoderHandler.h" />
		<Unit filename="../stm32/include/hardware/roue.h" />
		<Unit filename="../stm32/include/hardware/sharpSensor.h" />
		<Unit filename="../stm32/include/hardware/timerHandler.h" />
		<Unit filename="../stm32/include/hardware/ultrasoundSensor.h" />
		<Unit filename="../stm32/include/initialisation.h" />
		<Unit filename="../stm32/include/interfaceServosNumeriques.h" />
		<Unit filename="../stm32/include/listeActions.h" />
		<Unit filename="../stm32/include/memory.h" />
		<Unit filename="../stm32/include/position.h" />
		<Unit filename="../stm32/include/positionPlusAngle.h" />
		<Unit filename="../stm32/include/simul/Graph.h" />
		<Unit filename="../stm32/include/simul/GraphWindows.h" />
		<Unit filename="../stm32/include/simul/TableGraphics.h" />
		<Unit filename="../stm32/include/simul/XMLReader.h" />
		<Unit filename="../stm32/include/simul/bougie.h" />
		<Unit filename="../stm32/include/simul/element.h" />
		<Unit filename="../stm32/include/simul/main.h" />
		<Unit filename="../stm32/include/simul/main_window.h" />
		<Unit filename="../stm32/include/simul/objet.h" />
		<Unit filename="../stm32/include/simul/robot.h" />
		<Unit filename="../stm32/include/simul/table.h" />
		<Unit filename="../stm32/include/strategie/actionnerAscenseur.h" />
		<Unit filename="../stm32/include/strategie/actionnerMarteau.h" />
		<Unit filename="../stm32/include/strategie/actionnerPortes.h" />
		<Unit filename="../stm32/include/strategie/eteindreBougie.h" />
		<Unit filename="../stm32/include/strategie/lancerAscenseur.h" />
		<Unit filename="../stm32/include/strategie/lowLevelAction.h" />
		<Unit filename="../stm32/include/strategie/mediumLevelAction.h" />
		<Unit filename="../stm32/include/strategie/ramasserVerre.h" />
		<Unit filename="../stm32/include/strategie/regarderCouleur.h" />
		<Unit filename="../stm32/include/strategie/singleton.h" />
		<Unit filename="../stm32/include/strategie/strategie.h" />
		<Unit filename="../stm32/include/vector.h" />
		<Unit filename="../stm32/src/action.cpp" />
		<Unit filename="../stm32/src/actionSuivreChemin.cpp" />
		<Unit filename="../stm32/src/actionneurs/bras.cpp" />
		<Unit filename="../stm32/src/actionneurs/moteur.cpp" />
		<Unit filename="../stm32/src/actionneurs/rateau.cpp" />
		<Unit filename="../stm32/src/actionneurs/roues.cpp" />
		<Unit filename="../stm32/src/actionneurs/sensor.cpp" />
		<Unit filename="../stm32/src/actionneurs/sensors.cpp" />
		<Unit filename="../stm32/src/actionneurs/servo.cpp" />
		<Unit filename="../stm32/src/angle.cpp" />
		<Unit filename="../stm32/src/asservissement/asservissement.cpp" />
		<Unit filename="../stm32/src/asservissement/command.cpp" />
		<Unit filename="../stm32/src/asservissement/commandGoTo.cpp" />
		<Unit filename="../stm32/src/asservissement/commandLookAt.cpp" />
		<Unit filename="../stm32/src/asservissement/commandTest.cpp" />
		<Unit filename="../stm32/src/asservissement/odometrie.cpp" />
		<Unit filename="../stm32/src/asservissement/pidFilterAngle.cpp" />
		<Unit filename="../stm32/src/asservissement/pidFilterDistance.cpp" />
		<Unit filename="../stm32/src/distance.cpp" />
		<Unit filename="../stm32/src/hardware/analogSensor.cpp" />
		<Unit filename="../stm32/src/hardware/capteurs.cpp" />
		<Unit filename="../stm32/src/hardware/ligthBarrierSensor.cpp" />
		<Unit filename="../stm32/src/hardware/limitSwitchSensor.cpp" />
		<Unit filename="../stm32/src/hardware/pwmHandler.cpp" />
		<Unit filename="../stm32/src/hardware/quadratureCoderHandler.cpp" />
		<Unit filename="../stm32/src/hardware/roue.cpp" />
		<Unit filename="../stm32/src/hardware/sharpSensor.cpp" />
		<Unit filename="../stm32/src/hardware/timerHandler.cpp" />
		<Unit filename="../stm32/src/hardware/ultrasoundSensor.cpp" />
		<Unit filename="../stm32/src/initialisation.cpp" />
		<Unit filename="../stm32/src/listeActions.cpp" />
		<Unit filename="../stm32/src/main.cpp" />
		<Unit filename="../stm32/src/memory.cpp" />
		<Unit filename="../stm32/src/position.cpp" />
		<Unit filename="../stm32/src/positionPlusAngle.cpp" />
		<Unit filename="../stm32/src/simul/Graph.cpp" />
		<Unit filename="../stm32/src/simul/GraphWindows.cpp" />
		<Unit filename="../stm32/src/simul/TableGraphics.cpp" />
		<Unit filename="../stm32/src/simul/XMLReader.cpp" />
		<Unit filename="../stm32/src/simul/bougie.cpp" />
		<Unit filename="../stm32/src/simul/element.cpp" />
		<Unit filename="../stm32/src/simul/main.cpp" />
		<Unit filename="../stm32/src/simul/main_window.cpp" />
		<Unit filename="../stm32/src/simul/objet.cpp" />
		<Unit filename="../stm32/src/simul/robot.cpp" />
		<Unit filename="../stm32/src/simul/table.cpp" />
		<Unit filename="../stm32/src/strategie/actionnerAscenseur.cpp" />
		<Unit filename="../stm32/src/strategie/actionnerMarteau.cpp" />
		<Unit filename="../stm32/src/strategie/actionnerPortes.cpp" />
		<Unit filename="../stm32/src/strategie/eteindreBougie.cpp" />
		<Unit filename="../stm32/src/strategie/lancerAscenseur.cpp" />
		<Unit filename="../stm32/src/strategie/lowLevelAction.cpp" />
		<Unit filename="../stm32/src/strategie/mediumLevelAction.cpp" />
		<Unit filename="../stm32/src/strategie/ramasserVerre.cpp" />
		<Unit filename="../stm32/src/strategie/regarderCouleur.cpp" />
		<Unit filename="../stm32/src/strategie/strategie.cpp" />
		<Unit filename="../stm32/src/stub.c">
			<Option compilerVar="CC" />
		</Unit>
		<Extensions>
			<envvars />
			<code_completion />
			<lib_finder disable_auto="1" />
			<debugger />
		</Extensions>
	</Project>
</CodeBlocks_project_file>
