<?xml version="1.0" encoding="UTF-8" standalone="yes" ?>
<CodeBlocks_project_file>
	<FileVersion major="1" minor="6" />
	<Project>
		<Option title="Happy Birthday" />
		<Option pch_mode="2" />
		<Option compiler="gnu_gcc_compiler__stm32" />
		<Build>
			<Target title="Debug">
				<Option output="main.out" prefix_auto="0" extension_auto="0" />
				<Option object_output="obj/Debug/" />
				<Option type="0" />
				<Option compiler="gnu_gcc_compiler__stm32_architecture" />
				<Compiler>
					<Add option="-Wall" />
					<Add option="-g" />
					<Add directory="/home/alex/Documents/Krabi/Gits/gitRobotique/stm32/LibrariesF4/STM32F4xx_StdPeriph_Driver/inc/" />
					<Add directory="/home/alex/Documents/Krabi/Gits/gitRobotique/stm32/LibrariesF4/CMSIS/Device/ST/STM32F4xx/Include/" />
					<Add directory="/home/alex/Documents/Krabi/Gits/gitRobotique/stm32/LibrariesF4/CMSIS/Include/" />
				</Compiler>
			</Target>
			<Target title="Release">
				<Option output="main.out" prefix_auto="0" extension_auto="0" />
				<Option object_output="obj/Release/" />
				<Option type="0" />
				<Option compiler="gnu_gcc_compiler__stm32" />
			</Target>
		</Build>
		<Compiler>
			<Add option="-fno-rtti -fno-exceptions" />
			<Add option="-DSTM32F40_41xxx" />
			<Add option="-DROBOTHW" />
			<Add option="-DROUES" />
			<Add option="-DCAPTEURS" />
			<Add option="-DHSE_VALUE=8000000" />
			<Add directory="include" />
			<Add directory="LibrariesF4/STM32F4xx_StdPeriph_Driver/inc" />
			<Add directory="include/strategie" />
			<Add directory="include/hardware" />
			<Add directory="include/asservissement" />
			<Add directory="include/actionneurs" />
		</Compiler>
		<Linker>
			<Add option="--verbose" />
		</Linker>
		<ExtraCommands>
			<Add after="arm-none-eabi-objcopy -Obinary main.out main.bin" />
			<Add after="arm-none-eabi-objdump -S main.out &gt; main.list" />
			<Mode after="always" />
		</ExtraCommands>
		<Unit filename="LibrariesF4/CMSIS/Device/ST/STM32F4xx/Include/stm32f4xx.h" />
		<Unit filename="LibrariesF4/CMSIS/Device/ST/STM32F4xx/Source/system_stm32f4xx.c">
			<Option compilerVar="CC" />
		</Unit>
		<Unit filename="LibrariesF4/CMSIS/Include/core_cm4.h" />
		<Unit filename="LibrariesF4/STM32F4xx_StdPeriph_Driver/inc/stm32f4xx_conf.h" />
		<Unit filename="LibrariesF4/STM32F4xx_StdPeriph_Driver/inc/stm32f4xx_gpio.h" />
		<Unit filename="LibrariesF4/STM32F4xx_StdPeriph_Driver/inc/stm32f4xx_rcc.h" />
		<Unit filename="LibrariesF4/STM32F4xx_StdPeriph_Driver/inc/stm32f4xx_tim.h" />
		<Unit filename="LibrariesF4/STM32F4xx_StdPeriph_Driver/inc/stm32f4xx_usart.h" />
		<Unit filename="LibrariesF4/STM32F4xx_StdPeriph_Driver/src/stm32f4xx_gpio.c">
			<Option compilerVar="CC" />
		</Unit>
		<Unit filename="LibrariesF4/STM32F4xx_StdPeriph_Driver/src/misc.c">
			<Option compilerVar="CC" />
		</Unit>
		<Unit filename="LibrariesF4/STM32F4xx_StdPeriph_Driver/src/stm32f4xx_rcc.c">
			<Option compilerVar="CC" />
		</Unit>
		<Unit filename="LibrariesF4/STM32F4xx_StdPeriph_Driver/src/stm32f4xx_tim.c">
			<Option compilerVar="CC" />
		</Unit>
		<Unit filename="LibrariesF4/STM32F4xx_StdPeriph_Driver/src/stm32f4xx_usart.c">
			<Option compilerVar="CC" />
		</Unit>
		<Unit filename="Libraries/STM32F4xx_StdPeriph_Driver/src/stm32f4xx_adc.c">
			<Option compilerVar="CC" />
		</Unit>
		<Unit filename="Libraries/STM32F4xx_StdPeriph_Driver/src/stm32f4xx_dma.c">
			<Option compilerVar="CC" />
		</Unit>
		<Unit filename="include/actionneurs/servo.h" />
		<Unit filename="include/constantes.h" />
		<Unit filename="include/hardware/analogSensor.h" />
		<Unit filename="include/hardware/ax12api.h" />
		<Unit filename="include/hardware/leds.h" />
		<Unit filename="include/hardware/pwmHandler.h" />
		<Unit filename="include/hardware/roue.h" />
		<Unit filename="include/hardware/timerHandler.h" />
		<Unit filename="include/hardware/tirette.h" />
		<Unit filename="include/initialisation.h" />
		<Unit filename="include/memory.h" />
		<Unit filename="include/vector.h" />
		<Unit filename="src/actionneurs/ascenseur.cpp" />
		<Unit filename="src/actionneurs/bras.cpp" />
		<Unit filename="src/actionneurs/marteaux.cpp" />
		<Unit filename="src/actionneurs/moteur.cpp" />
		<Unit filename="src/actionneurs/roues.cpp" />
		<Unit filename="src/actionneurs/sensor.cpp" />
		<Unit filename="src/actionneurs/sensors.cpp" />
		<Unit filename="src/actionneurs/servo.cpp" />
		<Unit filename="src/angle.cpp" />
		<Unit filename="src/asservissement/asservissement.cpp" />
		<Unit filename="src/asservissement/command.cpp" />
		<Unit filename="src/asservissement/commandAllerA.cpp" />
		<Unit filename="src/asservissement/odometrie.cpp" />
		<Unit filename="src/asservissement/pidFilterAngle.cpp" />
		<Unit filename="src/asservissement/pidFilterDistance.cpp" />
		<Unit filename="src/distance.cpp" />
		<Unit filename="src/hardware/analogSensorF4.cpp" />
		<Unit filename="src/hardware/ax12api.cpp" />
		<Unit filename="src/hardware/leds.cpp" />
		<Unit filename="src/hardware/ligthBarrierSensor.cpp" />
		<Unit filename="src/hardware/limitSwitchSensor.cpp" />
		<Unit filename="src/hardware/pwmHandlerF4.cpp" />
		<Unit filename="src/hardware/quadratureCoderHandlerF4.cpp" />
		<Unit filename="src/hardware/roue.cpp" />
		<Unit filename="src/hardware/sharpSensor.cpp" />
		<Unit filename="src/hardware/timerHandlerF4.cpp" />
		<Unit filename="src/hardware/tirette.cpp" />
		<Unit filename="src/hardware/ultrasoundSensor.cpp" />
		<Unit filename="src/initialisationF4.cpp" />
		<Unit filename="src/interfaceServosNumeriques.cpp" />
		<Unit filename="src/main.cpp" />
		<Unit filename="src/memory.cpp" />
		<Unit filename="src/position.cpp" />
		<Unit filename="src/positionPlusAngle.cpp" />
		<Unit filename="src/strategie/actionGoTo.cpp" />
		<Unit filename="src/strategie/dijkstra.cpp" />
		<Unit filename="src/strategie/etape.cpp" />
		<Unit filename="src/strategie/eteindreBougieV2.cpp" />
		<Unit filename="src/strategie/eteindreBougies.cpp" />
		<Unit filename="src/strategie/mediumLevelAction.cpp" />
		<Unit filename="src/strategie/ramasserVerreV2.cpp" />
		<Unit filename="src/strategie/ramasserVerres.cpp" />
		<Unit filename="src/strategie/recalibrerOdometrie.cpp" />
		<Unit filename="src/strategie/strategieV2.cpp" />
		<Unit filename="src/strategie/strategiev3.cpp" />
		<Unit filename="src/stub.c">
			<Option compilerVar="CC" />
		</Unit>
		<Unit filename="startup_stm32f40_41xxxRIDE.s" />
		<Extensions>
			<code_completion />
			<envvars />
			<lib_finder disable_auto="1" />
			<debugger>
				<search_path add="../../../../../Lien vers partageMV" />
				<remote_debugging target="Debug">
					<options conn_type="0" serial_baud="115200" ip_address="192.168.1.30" ip_port="3333" additional_cmds_before="source ~/.gdbinit" />
				</remote_debugging>
			</debugger>
		</Extensions>
	</Project>
</CodeBlocks_project_file>
