<?xml version="1.0" encoding="UTF-8" standalone="yes" ?>
<CodeBlocks_project_file>
	<FileVersion major="1" minor="6" />
	<Project>
		<Option title="Treasure Island" />
		<Option pch_mode="2" />
		<Option compiler="gnu_gcc_compiler__stm32_architecture" />
		<Build>
			<Target title="Debug">
				<Option output="main.out" prefix_auto="0" extension_auto="0" />
				<Option object_output="obj/Debug/" />
				<Option type="0" />
				<Option compiler="gnu_gcc_compiler__stm32_architecture" />
				<Compiler>
					<Add option="-g" />
				</Compiler>
			</Target>
			<Target title="Release">
				<Option output="main.out" prefix_auto="0" extension_auto="0" />
				<Option object_output="obj/Release/" />
				<Option type="1" />
				<Option compiler="gnu_gcc_compiler__stm32_architecture" />
			</Target>
		</Build>
		<Compiler>
			<Add option="-Wall" />
			<Add option="-fno-rtti -fno-exceptions" />
			<Add option="-DSTM32F10X_MD" />
			<Add option="-DROBOTHW" />
			<Add option="-DROUES" />
			<Add option="-DCAPTEURS" />
			<Add directory="include" />
			<Add directory="Libraries/CMSIS/Core/CM3" />
			<Add directory="Libraries/STM32F10x_StdPeriph_Driver/inc" />
		</Compiler>
		<Linker>
			<Add option="-Tstm32LinkerScript.cmd" />
		</Linker>
		<ExtraCommands>
			<Add after="arm-none-eabi-objcopy -Obinary main.out main.bin" />
			<Add after="arm-none-eabi-objdump -S main.out &gt; main.list" />
			<Mode after="always" />
		</ExtraCommands>
		<Unit filename="Libraries/CMSIS/Core/CM3/startup/gcc/startup_stm32f10x_md.s" />
		<Unit filename="Libraries/STM32F10x_StdPeriph_Driver/src/misc.c">
			<Option compilerVar="CC" />
		</Unit>
		<Unit filename="Libraries/STM32F10x_StdPeriph_Driver/src/stm32f10x_adc.c">
			<Option compilerVar="CC" />
		</Unit>
		<Unit filename="Libraries/STM32F10x_StdPeriph_Driver/src/stm32f10x_dma.c">
			<Option compilerVar="CC" />
		</Unit>
		<Unit filename="Libraries/STM32F10x_StdPeriph_Driver/src/stm32f10x_gpio.c">
			<Option compilerVar="CC" />
		</Unit>
		<Unit filename="Libraries/STM32F10x_StdPeriph_Driver/src/stm32f10x_rcc.c">
			<Option compilerVar="CC" />
		</Unit>
		<Unit filename="Libraries/STM32F10x_StdPeriph_Driver/src/stm32f10x_tim.c">
			<Option compilerVar="CC" />
		</Unit>
		<Unit filename="include/AnalogSensor.h" />
		<Unit filename="include/Angle.h" />
		<Unit filename="include/Bras.h" />
		<Unit filename="include/CommandAvancerToutDroit.h" />
		<Unit filename="include/CommandGoTo.h" />
		<Unit filename="include/CommandTourner.h" />
		<Unit filename="include/Hctl_Handler.h" />
		<Unit filename="include/LigthBarrierSensor.h" />
		<Unit filename="include/LimitSwitchSensor.h" />
		<Unit filename="include/ListeDActions.h" />
		<Unit filename="include/Moteur.h" />
		<Unit filename="include/Position.h" />
		<Unit filename="include/PositionPlusAngle.h" />
		<Unit filename="include/Sensor.h" />
		<Unit filename="include/Sensors.h" />
		<Unit filename="include/Servo.h" />
		<Unit filename="include/SharpSensor.h" />
		<Unit filename="include/UltrasoundSensor.h" />
		<Unit filename="include/ValeursRoues.h" />
		<Unit filename="include/action.h" />
		<Unit filename="include/actionChercherPiece.h" />
		<Unit filename="include/actionSuivreChemin.h" />
		<Unit filename="include/asservissement.h" />
		<Unit filename="include/capteurs.h" />
		<Unit filename="include/command.h" />
		<Unit filename="include/distance.h" />
		<Unit filename="include/memory.h" />
		<Unit filename="include/odometrie.h" />
		<Unit filename="include/pid_filter_angle.h" />
		<Unit filename="include/pid_filter_distance.h" />
		<Unit filename="include/pwm_handler.h" />
		<Unit filename="include/quadrature_coder_handler.h" />
		<Unit filename="include/roue.h" />
		<Unit filename="include/roues.h" />
		<Unit filename="include/strategie.h" />
		<Unit filename="include/timer_handler.h" />
		<Unit filename="include/variable.h" />
		<Unit filename="include/vector.h" />
		<Unit filename="src/AnalogSensor.cpp" />
		<Unit filename="src/Angle.cpp" />
		<Unit filename="src/Bras.cpp" />
		<Unit filename="src/CommandAvancerToutDroit.cpp" />
		<Unit filename="src/CommandGoTo.cpp" />
		<Unit filename="src/CommandTourner.cpp" />
		<Unit filename="src/Hctl_Handler.cpp" />
		<Unit filename="src/LigthBarrierSensor.cpp" />
		<Unit filename="src/LimitSwitchSensor.cpp" />
		<Unit filename="src/ListeDActions.cpp" />
		<Unit filename="src/Moteur.cpp" />
		<Unit filename="src/Position.cpp" />
		<Unit filename="src/PositionPlusAngle.cpp" />
		<Unit filename="src/Sensor.cpp" />
		<Unit filename="src/Sensors.cpp" />
		<Unit filename="src/Servo.cpp" />
		<Unit filename="src/SharpSensor.cpp" />
		<Unit filename="src/UltrasoundSensor.cpp" />
		<Unit filename="src/ValeursRoues.cpp" />
		<Unit filename="src/action.cpp" />
		<Unit filename="src/actionChercherPiece.cpp" />
		<Unit filename="src/actionSuivreChemin.cpp" />
		<Unit filename="src/asservissement.cpp" />
		<Unit filename="src/capteurs.cpp" />
		<Unit filename="src/command.cpp" />
		<Unit filename="src/distance.cpp" />
		<Unit filename="src/main.cpp" />
		<Unit filename="src/memory.cpp" />
		<Unit filename="src/odometrie.cpp" />
		<Unit filename="src/pid_filter_angle.cpp" />
		<Unit filename="src/pid_filter_distance.cpp" />
		<Unit filename="src/pwm_handler.cpp" />
		<Unit filename="src/quadrature_coder_handler.cpp" />
		<Unit filename="src/roue.cpp" />
		<Unit filename="src/roues.cpp" />
		<Unit filename="src/strategie.cpp" />
		<Unit filename="src/stub.c">
			<Option compilerVar="CC" />
		</Unit>
		<Unit filename="src/timer_handler.cpp" />
		<Extensions>
			<code_completion />
			<envvars />
			<lib_finder disable_auto="1" />
			<debugger>
				<remote_debugging target="Debug">
					<options conn_type="0" serial_baud="115200" ip_address="localhost" ip_port="3333" additional_cmds_before="source ~/.gdbinit" />
				</remote_debugging>
			</debugger>
		</Extensions>
	</Project>
</CodeBlocks_project_file>
