<?xml version="1.0" encoding="UTF-8" standalone="yes" ?>
<CodeBlocks_project_file>
	<FileVersion major="1" minor="6" />
	<Project>
		<Option title="Happy Birthday" />
		<Option pch_mode="2" />
		<Option compiler="gnu_gcc_compiler__stm32_architecture" />
		<Build>
			<Target title="Debug">
				<Option output="../../../../PartageVM/main.out" prefix_auto="0" extension_auto="0" />
				<Option object_output="obj/Debug/" />
				<Option type="0" />
				<Option compiler="gnu_gcc_compiler__stm32_architecture" />
				<Compiler>
					<Add option="-g" />
				</Compiler>
			</Target>
			<Target title="Release">
				<Option output="main" prefix_auto="0" extension_auto="0" />
				<Option object_output="obj/Release/" />
				<Option type="0" />
				<Option compiler="gnu_gcc_compiler__stm32_architecture" />
			</Target>
		</Build>
		<Compiler>
			<Add option="-Wall" />
			<Add option="-fno-rtti -fno-exceptions" />
			<Add option="-DSTM32F10X_CL" />
			<Add option="-DROBOTHW" />
			<Add option="-DROUES" />
			<Add option="-DCAPTEURS" />
			<Add directory="include" />
			<Add directory="Libraries/CMSIS/Core/CM3" />
			<Add directory="Libraries/STM32F10x_StdPeriph_Driver/inc" />
		</Compiler>
		<Linker>
			<Add option="-Tstm32LinkerScript.cmd" />
		</Linker>
		<ExtraCommands>
			<Add after="arm-none-eabi-objcopy -Obinary main.out main.bin" />
			<Add after="arm-none-eabi-objdump -S main.out &gt; main.list" />
			<Mode after="always" />
		</ExtraCommands>
		<Unit filename="Libraries/CMSIS/Core/CM3/startup/gcc/startup_stm32f10x_md.s" />
		<Unit filename="Libraries/STM32F10x_StdPeriph_Driver/src/misc.c">
			<Option compilerVar="CC" />
		</Unit>
		<Unit filename="Libraries/STM32F10x_StdPeriph_Driver/src/stm32f10x_adc.c">
			<Option compilerVar="CC" />
		</Unit>
		<Unit filename="Libraries/STM32F10x_StdPeriph_Driver/src/stm32f10x_dma.c">
			<Option compilerVar="CC" />
		</Unit>
		<Unit filename="Libraries/STM32F10x_StdPeriph_Driver/src/stm32f10x_gpio.c">
			<Option compilerVar="CC" />
		</Unit>
		<Unit filename="Libraries/STM32F10x_StdPeriph_Driver/src/stm32f10x_rcc.c">
			<Option compilerVar="CC" />
		</Unit>
		<Unit filename="Libraries/STM32F10x_StdPeriph_Driver/src/stm32f10x_tim.c">
			<Option compilerVar="CC" />
		</Unit>
		<Unit filename="include/action.h" />
		<Unit filename="include/actionChercherPiece.h" />
		<Unit filename="include/actionSuivreChemin.h" />
		<Unit filename="include/analogSensor.h" />
		<Unit filename="include/angle.h" />
		<Unit filename="include/asservissement.h" />
		<Unit filename="include/bras.h" />
		<Unit filename="include/capteurs.h" />
		<Unit filename="include/command.h" />
		<Unit filename="include/commandGoTo.h" />
		<Unit filename="include/constantes.h" />
		<Unit filename="include/distance.h" />
		<Unit filename="include/element.h" />
		<Unit filename="include/initialisation.h" />
		<Unit filename="include/ligthBarrierSensor.h" />
		<Unit filename="include/limitSwitchSensor.h" />
		<Unit filename="include/memory.h" />
		<Unit filename="include/moteur.h" />
		<Unit filename="include/odometrie.h" />
		<Unit filename="include/pidFilterAngle.h" />
		<Unit filename="include/pidFilterDistance.h" />
		<Unit filename="include/pwmHandler.h" />
		<Unit filename="include/quadratureCoderHandler.h" />
		<Unit filename="include/rateau.h" />
		<Unit filename="include/roue.h" />
		<Unit filename="include/roues.h" />
		<Unit filename="include/sensor.h" />
		<Unit filename="include/sensors.h" />
		<Unit filename="include/servo.h" />
		<Unit filename="include/sharpSensor.h" />
		<Unit filename="include/strategie.h" />
		<Unit filename="include/timerHandler.h" />
		<Unit filename="include/ultrasoundSensor.h" />
		<Unit filename="include/variable.h" />
		<Unit filename="include/vector.h" />
		<Unit filename="src/action.cpp" />
		<Unit filename="src/actionChercherPiece.cpp" />
		<Unit filename="src/actionSuivreChemin.cpp" />
		<Unit filename="src/analogSensor.cpp" />
		<Unit filename="src/angle.cpp" />
		<Unit filename="src/asservissement.cpp" />
		<Unit filename="src/bras.cpp" />
		<Unit filename="src/capteurs.cpp" />
		<Unit filename="src/command.cpp" />
		<Unit filename="src/commandGoTo.cpp" />
		<Unit filename="src/distance.cpp" />
		<Unit filename="src/initialisation.cpp" />
		<Unit filename="src/ligthBarrierSensor.cpp" />
		<Unit filename="src/limitSwitchSensor.cpp" />
		<Unit filename="src/listeActions.cpp" />
		<Unit filename="src/main.cpp" />
		<Unit filename="src/main.cpp.bck" />
		<Unit filename="src/memory.cpp" />
		<Unit filename="src/moteur.cpp" />
		<Unit filename="src/odometrie.cpp" />
		<Unit filename="src/pidFilterAngle.cpp" />
		<Unit filename="src/pidFilterDistance.cpp" />
		<Unit filename="src/pince.cpp" />
		<Unit filename="src/position.cpp" />
		<Unit filename="src/positionPlusAngle.cpp" />
		<Unit filename="src/pwmHandler.cpp" />
		<Unit filename="src/quadratureCoderHandler.cpp" />
		<Unit filename="src/rateau.cpp" />
		<Unit filename="src/roue.cpp" />
		<Unit filename="src/roues.cpp" />
		<Unit filename="src/sensor.cpp" />
		<Unit filename="src/sensors.cpp" />
		<Unit filename="src/servo.cpp" />
		<Unit filename="src/sharpSensor.cpp" />
		<Unit filename="src/strategie.cpp" />
		<Unit filename="src/stub.c">
			<Option compilerVar="CC" />
		</Unit>
		<Unit filename="src/timerHandler.cpp" />
		<Unit filename="src/ultrasoundSensor.cpp" />
		<Unit filename="src/valeursRoues.cpp" />
		<Extensions>
			<code_completion />
			<envvars />
			<lib_finder disable_auto="1" />
			<debugger>
				<remote_debugging target="Debug">
					<options conn_type="0" serial_baud="115200" ip_address="localhost" ip_port="3333" additional_cmds_before="source ~/.gdbinit" />
				</remote_debugging>
			</debugger>
		</Extensions>
	</Project>
</CodeBlocks_project_file>
